#MicroXplorer Configuration settings - do not modify
Mcu.Family=STM32L0
ProjectManager.MainLocation=Src
PA0-CK_IN.GPIO_Label=WakeUpBtn
PA0-CK_IN.GPIOParameters=GPIO_PuPd,GPIO_Label
PCC.Series=STM32L0
PA6.Mode=Full_Duplex_Master
USART2.IPParameters=VirtualMode-Asynchronous,BaudRate,OverSampling,OverrunDisableParam
I2C1.I2C_Speed_Mode=I2C_Fast
ProjectManager.KeepUserCode=true
Mcu.UserName=STM32L041G6UxS
SPI1.VirtualType=VM_MASTER
PCC.Seq0.Step0.CPU_Frequency=0 Hz
PCC.Seq0.Step0.User's_Consumption=0 mA
RCC.PLLCLKFreq_Value=32000000
ProjectManager.functionlistsort=1-MX_GPIO_Init-GPIO-false-LL-true,2-SystemClock_Config-RCC-false-LL-false,3-MX_SPI1_Init-SPI1-false-LL-true,4-MX_USART2_UART_Init-USART2-false-LL-true,5-MX_I2C1_Init-I2C1-false-LL-true,6-MX_CRC_Init-CRC-false-LL-true,7-MX_RTC_Init-RTC-false-LL-true
VP_RTC_VS_RTC_Activate.Mode=RTC_Enabled
RCC.RTCFreq_Value=37000
PA3.GPIOParameters=GPIO_Label
PB0.GPIO_Label=DW_CS
RCC.USART2Freq_Value=16000000
NVIC.SVC_IRQn=true\:0\:0\:false\:false\:true\:false\:false
PA2.GPIOParameters=GPIO_Label
PinOutPanel.RotationAngle=0
RCC.SYSCLKSource=RCC_SYSCLKSOURCE_HSI
ProjectManager.StackSize=0x400
PB5.GPIOParameters=GPIO_PuPd,GPIO_Label
SH.GPXTI2.0=GPIO_EXTI2
Mcu.IP4=RTC
RCC.FCLKCortexFreq_Value=16000000
Mcu.IP5=SPI1
I2C1.IPParameters=Timing,I2C_Speed_Mode
Mcu.IP2=NVIC
Mcu.IP3=RCC
PA15.GPIO_Label=LIS3DH_CS
PB4.GPIOParameters=GPIO_PuPd,GPIO_Label
Mcu.IP0=CRC
Mcu.IP1=I2C1
SH.GPXTI3.ConfNb=1
PCC.PartNumber=STM32L041G6UxS
Mcu.UserConstants=
PB0.PinState=GPIO_PIN_SET
PB3.PinState=GPIO_PIN_SET
Mcu.ThirdPartyNb=0
SPI1.Direction=SPI_DIRECTION_2LINES
RCC.HCLKFreq_Value=16000000
Mcu.IPNb=8
ProjectManager.PreviousToolchain=SW4STM32
RCC.APB2TimFreq_Value=16000000
PB6.Signal=USART2_TX
RCC.Usart2ClockSelection=RCC_USART2CLKSOURCE_HSI
PB6.Mode=Asynchronous
SPI1.CalculateBaudRate=1000.0 KBits/s
PA8.GPIOParameters=PinState,GPIO_Label
Mcu.Pin6=PA6
Mcu.Pin7=PA7
Mcu.Pin8=PB0
Mcu.Pin9=PB1
RCC.AHBFreq_Value=16000000
Mcu.Pin0=PA0-CK_IN
Mcu.Pin1=PA1
Mcu.Pin2=PA2
Mcu.Pin3=PA3
Mcu.Pin4=PA4
Mcu.Pin5=PA5
ProjectManager.ProjectBuild=false
RCC.HSE_VALUE=8000000
PA8.Locked=true
PA4.Locked=true
PCC.Seq0.Step0.Voltage_Source=Battery
USART2.VirtualMode-Asynchronous=VM_ASYNC
PCC.Seq0.Step0.DMIPS=0.0
NVIC.SysTick_IRQn=true\:0\:0\:false\:false\:true\:false\:true
RCC.RTCClockSelection=RCC_RTCCLKSOURCE_LSI
RCC.PLLMUL=RCC_PLLMUL_4
USART2.OverSampling=UART_OVERSAMPLING_8
ProjectManager.FirmwarePackage=STM32Cube FW_L0 V1.12.0
PA0-CK_IN.Signal=GPXTI0
MxDb.Version=DB.6.0.21
PB0.GPIOParameters=PinState,GPIO_Label
PA1.GPIOParameters=PinState,GPIO_Label
ProjectManager.BackupPrevious=false
RCC.VCOInputFreq_Value=16000000
RCC.RTCClockSelectionVirtual=RCC_RTCCLKSOURCE_LSE
PA14.Mode=Serial_Wire
PB1.GPIO_Label=DW_RST
File.Version=6
PB3.GPIOParameters=PinState,GPIO_Label
PB7.Signal=USART2_RX
PA8.Signal=GPIO_Output
PB6.Locked=true
NVIC.PendSV_IRQn=true\:0\:0\:false\:false\:true\:false\:false
ProjectManager.HalAssertFull=false
PB0.Locked=true
ProjectManager.ProjectName=DWM1004C_GCC
PCC.Seq0.Step0.Oscillator=ALL CLOCKS OFF
Mcu.Package=UFQFPN28
PB1.Signal=GPIO_Input
PA6.Signal=SPI1_MISO
ProjectManager.ToolChainLocation=
PA2.GPIO_Label=LIS3DH_IRQ
RCC.LSI_VALUE=37000
SH.GPXTI0.0=GPIO_EXTI0
VP_SYS_VS_Systick.Signal=SYS_VS_Systick
PA10.Signal=I2C1_SDA
PA15.Signal=GPIO_Output
PCC.Checker=true
PA1.PinState=GPIO_PIN_SET
PCC.Seq0.Step0.Duration=1 ms
PB5.GPIO_Label=M_PIN16
RCC.APB1TimFreq_Value=16000000
PCC.Seq0.Step0.Peripherals=IWDG*
SPI1.BaudRatePrescaler=SPI_BAUDRATEPRESCALER_16
PA4.GPIO_Label=LIS3DH_PWR
ProjectManager.CustomerFirmwarePackage=
RCC.MSIClockRange=RCC_MSIRANGE_1
RCC.LPTIMFreq_Value=37000
PA8.PinState=GPIO_PIN_SET
PB3.Locked=true
PB4.Signal=GPIO_Input
PA3.Signal=GPXTI3
PA5.Mode=Full_Duplex_Master
USART2.OverrunDisableParam=ADVFEATURE_OVERRUN_DISABLE
RCC.TIMFreq_Value=16000000
PA2.Locked=true
PB3.GPIO_Label=LED_Green
VP_RTC_VS_RTC_Activate.Signal=RTC_VS_RTC_Activate
RCC.MSI_VALUE=131072
PCC.Seq0.Step0.Category=In DS Table
ProjectManager.ProjectFileName=DWM1004C_GCC.ioc
PA7.Mode=Full_Duplex_Master
Mcu.PinsNb=24
PA15.GPIOParameters=PinState,GPIO_Label
PA10.Mode=I2C
PCC.Seq0.Step0.Average_Current=255 nA
PCC.Vdd=3.0
ProjectManager.NoMain=false
SPI1.IPParameters=VirtualType,Mode,Direction,CalculateBaudRate,BaudRatePrescaler
RCC.LPUARTFreq_Value=16000000
SH.GPXTI0.ConfNb=1
ProjectManager.DefaultFWLocation=true
ProjectManager.DeletePrevious=true
PCC.Line=STM32L0x1
RCC.TimerFreq_Value=16000000
NVIC.USART2_IRQn=true\:0\:0\:false\:false\:true\:true\:true
USART2.BaudRate=38400
RCC.FamilyName=M
RCC.WatchDogFreq_Value=37000
PA13.Signal=SYS_SWDIO
RCC.HSI16_VALUE=16000000
PCC.Seq0.Step0.TaMax=105
PCC.MCU=STM32L041G6UxS
PA15.Locked=true
PA9.Mode=I2C
PA8.GPIO_Label=LED_Red
PA4.PinState=GPIO_PIN_SET
SH.GPXTI2.ConfNb=1
ProjectManager.TargetToolchain=STM32CubeIDE
VP_CRC_VS_CRC.Signal=CRC_VS_CRC
PCC.Seq0.Step0.Mode=STANDBY
PA9.Signal=I2C1_SCL
I2C1.Timing=0x0010061A
PB5.Locked=true
PB4.GPIO_PuPd=GPIO_PULLUP
ProjectManager.RegisterCallBack=
PA0-CK_IN.GPIO_PuPd=GPIO_PULLUP
RCC.LSE_VALUE=32768
PA1.Signal=GPIO_Output
PB1.Locked=true
PA5.Signal=SPI1_SCK
RCC.MCOPinFreq_Value=16000000
board=custom
PCC.Temperature=25
SH.GPXTI3.0=GPIO_EXTI3
RCC.VCOOutputFreq_Value=64000000
ProjectManager.LastFirmware=true
NVIC.EXTI2_3_IRQn=true\:0\:0\:false\:false\:true\:true\:true
PA15.PinState=GPIO_PIN_SET
PA0-CK_IN.Locked=true
RCC.APB2Freq_Value=16000000
PCC.Seq0.Step0.Frequency=0 Hz
PCC.Seq0.Step0.Vcore=NoRange
MxCube.Version=6.2.1
PB4.GPIO_Label=M_PIN17
RCC.I2C1Freq_Value=16000000
SPI1.Mode=SPI_MODE_MASTER
RCC.ADCFreq_Value=16000000
PA1.GPIO_Label=LED_Blue
VP_SYS_VS_Systick.Mode=SysTick
NVIC.NonMaskableInt_IRQn=true\:0\:0\:false\:false\:true\:false\:false
PA4.GPIOParameters=PinState,GPIO_Label
PA13.Mode=Serial_Wire
ProjectManager.FreePins=false
RCC.IPParameters=ADCFreq_Value,AHBFreq_Value,APB1Freq_Value,APB1TimFreq_Value,APB2Freq_Value,APB2TimFreq_Value,FCLKCortexFreq_Value,FamilyName,HCLKFreq_Value,HSE_VALUE,HSI16_VALUE,HSI_VALUE,I2C1Freq_Value,LPTIMFreq_Value,LPUARTFreq_Value,LSE_VALUE,LSI_VALUE,LptimClockSelection,MCOPinFreq_Value,MSIClockRange,MSI_VALUE,PLLCLKFreq_Value,PLLMUL,PWRFreq_Value,RTCClockSelection,RTCClockSelectionVirtual,RTCFreq_Value,RTCHSEDivFreq_Value,SYSCLKFreq_VALUE,SYSCLKSource,TIMFreq_Value,TimerFreq_Value,USART2Freq_Value,Usart2ClockSelection,VCOInputFreq_Value,VCOOutputFreq_Value,WatchDogFreq_Value
ProjectManager.AskForMigrate=true
Mcu.Name=STM32L041G6UxS
RCC.LptimClockSelection=RCC_LPTIM1CLKSOURCE_LSI
RCC.RTCHSEDivFreq_Value=4000000
PA2.Signal=GPXTI2
ProjectManager.UnderRoot=true
Mcu.IP6=SYS
Mcu.IP7=USART2
ProjectManager.CoupleFile=false
PB4.Locked=true
PCC.Seq0.Step0.Memory=n/a
PB3.Signal=GPIO_Output
PA4.Signal=GPIO_Output
RCC.SYSCLKFreq_VALUE=16000000
PB5.Signal=GPIO_Input
Mcu.Pin22=VP_RTC_VS_RTC_Activate
Mcu.Pin23=VP_SYS_VS_Systick
PA1.Locked=true
Mcu.Pin20=PB7
PA3.Locked=true
Mcu.Pin21=VP_CRC_VS_CRC
NVIC.ForceEnableDMAVector=true
KeepUserPlacement=false
PB5.GPIO_PuPd=GPIO_PULLUP
ProjectManager.CompilerOptimize=6
PB7.Mode=Asynchronous
PA14.Signal=SYS_SWCLK
ProjectManager.HeapSize=0x200
Mcu.Pin15=PA15
NVIC.HardFault_IRQn=true\:0\:0\:false\:false\:true\:false\:false
Mcu.Pin16=PB3
Mcu.Pin13=PA13
Mcu.Pin14=PA14
Mcu.Pin19=PB6
ProjectManager.ComputerToolchain=false
Mcu.Pin17=PB4
RCC.HSI_VALUE=16000000
Mcu.Pin18=PB5
Mcu.Pin11=PA9
Mcu.Pin12=PA10
Mcu.Pin10=PA8
PB7.Locked=true
RCC.PWRFreq_Value=16000000
PCC.Seq0.Step0.Vdd=3.0
PCC.Seq0=1
RCC.APB1Freq_Value=16000000
VP_CRC_VS_CRC.Mode=CRC_Activate
PB0.Signal=GPIO_Output
ProjectManager.DeviceId=STM32L041G6UxS
ProjectManager.LibraryCopy=1
PA3.GPIO_Label=DW_IRQ
PB1.GPIOParameters=GPIO_Label
PA7.Signal=SPI1_MOSI
NVIC.EXTI0_1_IRQn=true\:0\:0\:false\:false\:true\:true\:true
isbadioc=false
